// !$*UTF8*$!
{
	archiveVersion = 1;
	classes = {
	};
	objectVersion = 46;
	objects = {

/* Begin PBXBuildFile section */
		01FE7B9B16166CD4004E2C52 /* UIKit.framework in Frameworks */ = {isa = PBXBuildFile; fileRef = 01FE7B9A16166CD4004E2C52 /* UIKit.framework */; };
		01FE7B9D16166CD4004E2C52 /* Foundation.framework in Frameworks */ = {isa = PBXBuildFile; fileRef = 01FE7B9C16166CD4004E2C52 /* Foundation.framework */; };
		01FE7B9F16166CD4004E2C52 /* CoreGraphics.framework in Frameworks */ = {isa = PBXBuildFile; fileRef = 01FE7B9E16166CD4004E2C52 /* CoreGraphics.framework */; };
		01FE7BA516166CD4004E2C52 /* InfoPlist.strings in Resources */ = {isa = PBXBuildFile; fileRef = 01FE7BA316166CD4004E2C52 /* InfoPlist.strings */; };
		01FE7BA716166CD4004E2C52 /* main.m in Sources */ = {isa = PBXBuildFile; fileRef = 01FE7BA616166CD4004E2C52 /* main.m */; };
		01FE7BAB16166CD4004E2C52 /* BLAHAppDelegate.m in Sources */ = {isa = PBXBuildFile; fileRef = 01FE7BAA16166CD4004E2C52 /* BLAHAppDelegate.m */; };
		01FE7BAE16166CD4004E2C52 /* BLAHViewController.m in Sources */ = {isa = PBXBuildFile; fileRef = 01FE7BAD16166CD4004E2C52 /* BLAHViewController.m */; };
		01FE7BB116166CD4004E2C52 /* BLAHViewController.xib in Resources */ = {isa = PBXBuildFile; fileRef = 01FE7BAF16166CD4004E2C52 /* BLAHViewController.xib */; };
/* End PBXBuildFile section */

/* Begin PBXFileReference section */
		01FE7B9616166CD4004E2C52 /* SinglePageApp.app */ = {isa = PBXFileReference; explicitFileType = wrapper.application; includeInIndex = 0; path = SinglePageApp.app; sourceTree = BUILT_PRODUCTS_DIR; };
		01FE7B9A16166CD4004E2C52 /* UIKit.framework */ = {isa = PBXFileReference; lastKnownFileType = wrapper.framework; name = UIKit.framework; path = System/Library/Frameworks/UIKit.framework; sourceTree = SDKROOT; };
		01FE7B9C16166CD4004E2C52 /* Foundation.framework */ = {isa = PBXFileReference; lastKnownFileType = wrapper.framework; name = Foundation.framework; path = System/Library/Frameworks/Foundation.framework; sourceTree = SDKROOT; };
		01FE7B9E16166CD4004E2C52 /* CoreGraphics.framework */ = {isa = PBXFileReference; lastKnownFileType = wrapper.framework; name = CoreGraphics.framework; path = System/Library/Frameworks/CoreGraphics.framework; sourceTree = SDKROOT; };
		01FE7BA216166CD4004E2C52 /* SinglePageApp-Info.plist */ = {isa = PBXFileReference; lastKnownFileType = text.plist.xml; path = "SinglePageApp-Info.plist"; sourceTree = "<group>"; };
		01FE7BA416166CD4004E2C52 /* en */ = {isa = PBXFileReference; lastKnownFileType = text.plist.strings; name = en; path = en.lproj/InfoPlist.strings; sourceTree = "<group>"; };
		01FE7BA616166CD4004E2C52 /* main.m */ = {isa = PBXFileReference; lastKnownFileType = sourcecode.c.objc; path = main.m; sourceTree = "<group>"; };
		01FE7BA816166CD4004E2C52 /* SinglePageApp-Prefix.pch */ = {isa = PBXFileReference; lastKnownFileType = sourcecode.c.h; path = "SinglePageApp-Prefix.pch"; sourceTree = "<group>"; };
		01FE7BA916166CD4004E2C52 /* BLAHAppDelegate.h */ = {isa = PBXFileReference; lastKnownFileType = sourcecode.c.h; path = BLAHAppDelegate.h; sourceTree = "<group>"; };
		01FE7BAA16166CD4004E2C52 /* BLAHAppDelegate.m */ = {isa = PBXFileReference; lastKnownFileType = sourcecode.c.objc; path = BLAHAppDelegate.m; sourceTree = "<group>"; };
		01FE7BAC16166CD4004E2C52 /* BLAHViewController.h */ = {isa = PBXFileReference; lastKnownFileType = sourcecode.c.h; path = BLAHViewController.h; sourceTree = "<group>"; };
		01FE7BAD16166CD4004E2C52 /* BLAHViewController.m */ = {isa = PBXFileReference; lastKnownFileType = sourcecode.c.objc; path = BLAHViewController.m; sourceTree = "<group>"; };
		01FE7BB016166CD4004E2C52 /* en */ = {isa = PBXFileReference; lastKnownFileType = file.xib; name = en; path = en.lproj/BLAHViewController.xib; sourceTree = "<group>"; };
/* End PBXFileReference section */

/* Begin PBXFrameworksBuildPhase section */
		01FE7B9316166CD4004E2C52 /* Frameworks */ = {
			isa = PBXFrameworksBuildPhase;
			buildActionMask = 2147483647;
			files = (
				01FE7B9B16166CD4004E2C52 /* UIKit.framework in Frameworks */,
				01FE7B9D16166CD4004E2C52 /* Foundation.framework in Frameworks */,
				01FE7B9F16166CD4004E2C52 /* CoreGraphics.framework in Frameworks */,
			);
			runOnlyForDeploymentPostprocessing = 0;
		};
/* End PBXFrameworksBuildPhase section */

/* Begin PBXGroup section */
		01FE7B8B16166CD4004E2C52 = {
			isa = PBXGroup;
			children = (
				01FE7BA016166CD4004E2C52 /* SinglePageApp */,
				01FE7B9916166CD4004E2C52 /* Frameworks */,
				01FE7B9716166CD4004E2C52 /* Products */,
			);
			sourceTree = "<group>";
		};
		01FE7B9716166CD4004E2C52 /* Products */ = {
			isa = PBXGroup;
			children = (
				01FE7B9616166CD4004E2C52 /* SinglePageApp.app */,
			);
			name = Products;
			sourceTree = "<group>";
		};
		01FE7B9916166CD4004E2C52 /* Frameworks */ = {
			isa = PBXGroup;
			children = (
				01FE7B9A16166CD4004E2C52 /* UIKit.framework */,
				01FE7B9C16166CD4004E2C52 /* Foundation.framework */,
				01FE7B9E16166CD4004E2C52 /* CoreGraphics.framework */,
			);
			name = Frameworks;
			sourceTree = "<group>";
		};
		01FE7BA016166CD4004E2C52 /* SinglePageApp */ = {
			isa = PBXGroup;
			children = (
				01FE7BA916166CD4004E2C52 /* BLAHAppDelegate.h */,
				01FE7BAA16166CD4004E2C52 /* BLAHAppDelegate.m */,
				01FE7BAC16166CD4004E2C52 /* BLAHViewController.h */,
				01FE7BAD16166CD4004E2C52 /* BLAHViewController.m */,
				01FE7BAF16166CD4004E2C52 /* BLAHViewController.xib */,
				01FE7BA116166CD4004E2C52 /* Supporting Files */,
			);
			path = SinglePageApp;
			sourceTree = "<group>";
		};
		01FE7BA116166CD4004E2C52 /* Supporting Files */ = {
			isa = PBXGroup;
			children = (
				01FE7BA216166CD4004E2C52 /* SinglePageApp-Info.plist */,
				01FE7BA316166CD4004E2C52 /* InfoPlist.strings */,
				01FE7BA616166CD4004E2C52 /* main.m */,
				01FE7BA816166CD4004E2C52 /* SinglePageApp-Prefix.pch */,
			);
			name = "Supporting Files";
			sourceTree = "<group>";
		};
/* End PBXGroup section */

/* Begin PBXNativeTarget section */
		01FE7B9516166CD4004E2C52 /* SinglePageApp */ = {
			isa = PBXNativeTarget;
			buildConfigurationList = 01FE7BB416166CD4004E2C52 /* Build configuration list for PBXNativeTarget "SinglePageApp" */;
			buildPhases = (
				01FE7B9216166CD4004E2C52 /* Sources */,
				01FE7B9316166CD4004E2C52 /* Frameworks */,
				01FE7B9416166CD4004E2C52 /* Resources */,
			);
			buildRules = (
			);
			dependencies = (
			);
			name = SinglePageApp;
			productName = SinglePageApp;
			productReference = 01FE7B9616166CD4004E2C52 /* SinglePageApp.app */;
			productType = "com.apple.product-type.application";
		};
/* End PBXNativeTarget section */

/* Begin PBXProject section */
		01FE7B8D16166CD4004E2C52 /* Project object */ = {
			isa = PBXProject;
			attributes = {
				CLASSPREFIX = BLAH;
				LastUpgradeCheck = 0440;
				ORGANIZATIONNAME = "Sean Helvey";
			};
			buildConfigurationList = 01FE7B9016166CD4004E2C52 /* Build configuration list for PBXProject "SinglePageApp" */;
			compatibilityVersion = "Xcode 3.2";
			developmentRegion = English;
			hasScannedForEncodings = 0;
			knownRegions = (
				en,
			);
			mainGroup = 01FE7B8B16166CD4004E2C52;
			productRefGroup = 01FE7B9716166CD4004E2C52 /* Products */;
			projectDirPath = "";
			projectRoot = "";
			targets = (
				01FE7B9516166CD4004E2C52 /* SinglePageApp */,
			);
		};
/* End PBXProject section */

/* Begin PBXResourcesBuildPhase section */
		01FE7B9416166CD4004E2C52 /* Resources */ = {
			isa = PBXResourcesBuildPhase;
			buildActionMask = 2147483647;
			files = (
				01FE7BA516166CD4004E2C52 /* InfoPlist.strings in Resources */,
				01FE7BB116166CD4004E2C52 /* BLAHViewController.xib in Resources */,
			);
			runOnlyForDeploymentPostprocessing = 0;
		};
/* End PBXResourcesBuildPhase section */

/* Begin PBXSourcesBuildPhase section */
		01FE7B9216166CD4004E2C52 /* Sources */ = {
			isa = PBXSourcesBuildPhase;
			buildActionMask = 2147483647;
			files = (
				01FE7BA716166CD4004E2C52 /* main.m in Sources */,
				01FE7BAB16166CD4004E2C52 /* BLAHAppDelegate.m in Sources */,
				01FE7BAE16166CD4004E2C52 /* BLAHViewController.m in Sources */,
			);
			runOnlyForDeploymentPostprocessing = 0;
		};
/* End PBXSourcesBuildPhase section */

/* Begin PBXVariantGroup section */
		01FE7BA316166CD4004E2C52 /* InfoPlist.strings */ = {
			isa = PBXVariantGroup;
			children = (
				01FE7BA416166CD4004E2C52 /* en */,
			);
			name = InfoPlist.strings;
			sourceTree = "<group>";
		};
		01FE7BAF16166CD4004E2C52 /* BLAHViewController.xib */ = {
			isa = PBXVariantGroup;
			children = (
				01FE7BB016166CD4004E2C52 /* en */,
			);
			name = BLAHViewController.xib;
			sourceTree = "<group>";
		};
/* End PBXVariantGroup section */

/* Begin XCBuildConfiguration section */
		01FE7BB216166CD4004E2C52 /* Debug */ = {
			isa = XCBuildConfiguration;
			buildSettings = {
				ALWAYS_SEARCH_USER_PATHS = NO;
				ARCHS = "$(ARCHS_STANDARD_32_BIT)";
				CLANG_CXX_LANGUAGE_STANDARD = "gnu++0x";
				CLANG_ENABLE_OBJC_ARC = YES;
				CLANG_WARN__DUPLICATE_METHOD_MATCH = YES;
				"CODE_SIGN_IDENTITY[sdk=iphoneos*]" = "iPhone Developer";
				COPY_PHASE_STRIP = NO;
				GCC_C_LANGUAGE_STANDARD = gnu99;
				GCC_DYNAMIC_NO_PIC = NO;
				GCC_OPTIMIZATION_LEVEL = 0;
				GCC_PREPROCESSOR_DEFINITIONS = (
					"DEBUG=1",
					"$(inherited)",
				);
				GCC_SYMBOLS_PRIVATE_EXTERN = NO;
				GCC_VERSION = com.apple.compilers.llvm.clang.1_0;
				GCC_WARN_ABOUT_RETURN_TYPE = YES;
				GCC_WARN_UNINITIALIZED_AUTOS = YES;
				GCC_WARN_UNUSED_VARIABLE = YES;
				IPHONEOS_DEPLOYMENT_TARGET = 5.1;
				SDKROOT = iphoneos;
			};
			name = Debug;
		};
		01FE7BB316166CD4004E2C52 /* Release */ = {
			isa = XCBuildConfiguration;
			buildSettings = {
				ALWAYS_SEARCH_USER_PATHS = NO;
				ARCHS = "$(ARCHS_STANDARD_32_BIT)";
				CLANG_CXX_LANGUAGE_STANDARD = "gnu++0x";
				CLANG_ENABLE_OBJC_ARC = YES;
				CLANG_WARN__DUPLICATE_METHOD_MATCH = YES;
				"CODE_SIGN_IDENTITY[sdk=iphoneos*]" = "iPhone Developer";
				COPY_PHASE_STRIP = YES;
				GCC_C_LANGUAGE_STANDARD = gnu99;
				GCC_VERSION = com.apple.compilers.llvm.clang.1_0;
				GCC_WARN_ABOUT_RETURN_TYPE = YES;
				GCC_WARN_UNINITIALIZED_AUTOS = YES;
				GCC_WARN_UNUSED_VARIABLE = YES;
				IPHONEOS_DEPLOYMENT_TARGET = 5.1;
				OTHER_CFLAGS = "-DNS_BLOCK_ASSERTIONS=1";
				SDKROOT = iphoneos;
				VALIDATE_PRODUCT = YES;
			};
			name = Release;
		};
		01FE7BB516166CD4004E2C52 /* Debug */ = {
			isa = XCBuildConfiguration;
			buildSettings = {
				GCC_PRECOMPILE_PREFIX_HEADER = YES;
				GCC_PREFIX_HEADER = "SinglePageApp/SinglePageApp-Prefix.pch";
				INFOPLIST_FILE = "SinglePageApp/SinglePageApp-Info.plist";
				PRODUCT_NAME = "$(TARGET_NAME)";
				WRAPPER_EXTENSION = app;
			};
			name = Debug;
		};
		01FE7BB616166CD4004E2C52 /* Release */ = {
			isa = XCBuildConfiguration;
			buildSettings = {
				GCC_PRECOMPILE_PREFIX_HEADER = YES;
				GCC_PREFIX_HEADER = "SinglePageApp/SinglePageApp-Prefix.pch";
				INFOPLIST_FILE = "SinglePageApp/SinglePageApp-Info.plist";
				PRODUCT_NAME = "$(TARGET_NAME)";
				WRAPPER_EXTENSION = app;
			};
			name = Release;
		};
/* End XCBuildConfiguration section */

/* Begin XCConfigurationList section */
		01FE7B9016166CD4004E2C52 /* Build configuration list for PBXProject "SinglePageApp" */ = {
			isa = XCConfigurationList;
			buildConfigurations = (
				01FE7BB216166CD4004E2C52 /* Debug */,
				01FE7BB316166CD4004E2C52 /* Release */,
			);
			defaultConfigurationIsVisible = 0;
			defaultConfigurationName = Release;
		};
		01FE7BB416166CD4004E2C52 /* Build configuration list for PBXNativeTarget "SinglePageApp" */ = {
			isa = XCConfigurationList;
			buildConfigurations = (
				01FE7BB516166CD4004E2C52 /* Debug */,
				01FE7BB616166CD4004E2C52 /* Release */,
			);
			defaultConfigurationIsVisible = 0;
		};
/* End XCConfigurationList section */
	};
	rootObject = 01FE7B8D16166CD4004E2C52 /* Project object */;
}
